
Microsoft Visual Studio Solution File, Format Version 12.00
# Visual Studio Version 17
VisualStudioVersion = 17.3.32825.248
MinimumVisualStudioVersion = 10.0.40219.1
Project("{8BC9CEB8-8B4A-11D0-8D11-00A0C91BC942}") = "Ex2", "Ex2\Ex2.vcxproj", "{E8A1D435-DF51-4020-B46C-88C2E95482EA}"
EndProject
Global
	GlobalSection(SolutionConfigurationPlatforms) = preSolution
		Debug|x64 = Debug|x64
		Debug|x86 = Debug|x86
		Release|x64 = Release|x64
		Release|x86 = Release|x86
	EndGlobalSection
	GlobalSection(ProjectConfigurationPlatforms) = postSolution
		{E8A1D435-DF51-4020-B46C-88C2E95482EA}.Debug|x64.ActiveCfg = Debug|x64
		{E8A1D435-DF51-4020-B46C-88C2E95482EA}.Debug|x64.Build.0 = Debug|x64
		{E8A1D435-DF51-4020-B46C-88C2E95482EA}.Debug|x86.ActiveCfg = Debug|Win32
		{E8A1D435-DF51-4020-B46C-88C2E95482EA}.Debug|x86.Build.0 = Debug|Win32
		{E8A1D435-DF51-4020-B46C-88C2E95482EA}.Release|x64.ActiveCfg = Release|x64
		{E8A1D435-DF51-4020-B46C-88C2E95482EA}.Release|x64.Build.0 = Release|x64
		{E8A1D435-DF51-4020-B46C-88C2E95482EA}.Release|x86.ActiveCfg = Release|Win32
		{E8A1D435-DF51-4020-B46C-88C2E95482EA}.Release|x86.Build.0 = Release|Win32
	EndGlobalSection
	GlobalSection(SolutionProperties) = preSolution
		HideSolutionNode = FALSE
	EndGlobalSection
	GlobalSection(ExtensibilityGlobals) = postSolution
		SolutionGuid = {873CD0D1-0FA2-4BEA-89AE-1CE9CD767CC4}
	EndGlobalSection
EndGlobal
